
Microsoft Visual Studio Solution File, Format Version 12.00
# Visual Studio Version 16
VisualStudioVersion = 16.0.30330.147
MinimumVisualStudioVersion = 10.0.40219.1
Project("{FAE04EC0-301F-11D3-BF4B-00C04F79EFBC}") = "WebAdvert.Web", "WebAdvert.Web.csproj", "{45ADEE2E-1DAD-4EC2-98FB-777208F11EEE}"
EndProject
Global
	GlobalSection(SolutionConfigurationPlatforms) = preSolution
		Debug|Any CPU = Debug|Any CPU
		Release|Any CPU = Release|Any CPU
	EndGlobalSection
	GlobalSection(ProjectConfigurationPlatforms) = postSolution
		{45ADEE2E-1DAD-4EC2-98FB-777208F11EEE}.Debug|Any CPU.ActiveCfg = Debug|Any CPU
		{45ADEE2E-1DAD-4EC2-98FB-777208F11EEE}.Debug|Any CPU.Build.0 = Debug|Any CPU
		{45ADEE2E-1DAD-4EC2-98FB-777208F11EEE}.Release|Any CPU.ActiveCfg = Release|Any CPU
		{45ADEE2E-1DAD-4EC2-98FB-777208F11EEE}.Release|Any CPU.Build.0 = Release|Any CPU
	EndGlobalSection
	GlobalSection(SolutionProperties) = preSolution
		HideSolutionNode = FALSE
	EndGlobalSection
	GlobalSection(ExtensibilityGlobals) = postSolution
		SolutionGuid = {2E2AE3C1-2DE8-4489-97D0-31289C0BBD1C}
	EndGlobalSection
EndGlobal
